
Microsoft Visual Studio Solution File, Format Version 12.00
# Visual Studio 14
VisualStudioVersion = 14.0.25123.0
MinimumVisualStudioVersion = 10.0.40219.1
Project("{FAE04EC0-301F-11D3-BF4B-00C04F79EFBC}") = "UrerGateway.Api", "UrerGateway\UrerGateway.Api.csproj", "{89316178-F123-415E-8D5C-278323E729CA}"
EndProject
Project("{FAE04EC0-301F-11D3-BF4B-00C04F79EFBC}") = "UrerGateway.Business", "UrerGateway.Business\UrerGateway.Business.csproj", "{CECDC767-A3D1-4756-9FB3-187C46FF26D3}"
EndProject
Global
	GlobalSection(SolutionConfigurationPlatforms) = preSolution
		Debug|Any CPU = Debug|Any CPU
		Release|Any CPU = Release|Any CPU
	EndGlobalSection
	GlobalSection(ProjectConfigurationPlatforms) = postSolution
		{89316178-F123-415E-8D5C-278323E729CA}.Debug|Any CPU.ActiveCfg = Debug|Any CPU
		{89316178-F123-415E-8D5C-278323E729CA}.Debug|Any CPU.Build.0 = Debug|Any CPU
		{89316178-F123-415E-8D5C-278323E729CA}.Release|Any CPU.ActiveCfg = Release|Any CPU
		{89316178-F123-415E-8D5C-278323E729CA}.Release|Any CPU.Build.0 = Release|Any CPU
		{CECDC767-A3D1-4756-9FB3-187C46FF26D3}.Debug|Any CPU.ActiveCfg = Debug|Any CPU
		{CECDC767-A3D1-4756-9FB3-187C46FF26D3}.Debug|Any CPU.Build.0 = Debug|Any CPU
		{CECDC767-A3D1-4756-9FB3-187C46FF26D3}.Release|Any CPU.ActiveCfg = Release|Any CPU
		{CECDC767-A3D1-4756-9FB3-187C46FF26D3}.Release|Any CPU.Build.0 = Release|Any CPU
	EndGlobalSection
	GlobalSection(SolutionProperties) = preSolution
		HideSolutionNode = FALSE
	EndGlobalSection
EndGlobal
